SITE
  remote: http://community.opscode.com/api/v1
  specs:
    apache2 (1.1.8)
    apt (1.4.2)
    git (0.10.0)
      runit (>= 0.0.0)
      yum (>= 0.0.0)
    java (1.5.0)
    jenkins (0.6.3)
      java (>= 0.0.0)
      runit (>= 0.0.0)
    runit (0.15.0)
    yum (0.5.2)

GIT
  remote: https://github.com/joemiller/chef-sensu_repo
  ref: master
  sha: 845e1a069d6d9d217258f829aad1bebc549dfd59
  specs:
    sensu_repo (0.0.1)
      apt (>= 0.0.0)

DEPENDENCIES
  apache2 (>= 0)
  apt (>= 0)
  git (>= 0)
  jenkins (>= 0)
  sensu_repo (>= 0)

